
Microsoft Visual Studio Solution File, Format Version 12.00
# Visual Studio Version 16
VisualStudioVersion = 16.0.29021.104
MinimumVisualStudioVersion = 10.0.40219.1
Project("{9A19103F-16F7-4668-BE54-9A1E7A4F7556}") = "Count4U.Service.Model", "src\Count4U.Service.Model\Count4U.Service.Model.csproj", "{E52857FA-EA3C-4BFA-A53F-537E08091C4A}"
EndProject
Project("{9A19103F-16F7-4668-BE54-9A1E7A4F7556}") = "Count4U.Service.Common", "src\Count4U.Service.Common\Count4U.Service.Common.csproj", "{F07B9C7B-D557-49F2-BA18-3135E8A4A3DA}"
EndProject
Project("{2150E333-8FDC-42A3-9474-1A3956D46DE8}") = "Client", "Client", "{229CEBEC-F84D-4CF0-B0B4-4A751C158E0D}"
EndProject
Project("{2150E333-8FDC-42A3-9474-1A3956D46DE8}") = "WebAPI", "WebAPI", "{26E7B67A-B467-4437-8EAF-C2BF229EAFB7}"
EndProject
Project("{2150E333-8FDC-42A3-9474-1A3956D46DE8}") = "Service.Shared", "Service.Shared", "{C9FE49BA-2172-4A66-A68D-73163D8890AC}"
EndProject
Project("{9A19103F-16F7-4668-BE54-9A1E7A4F7556}") = "Count4U.Service.Shared", "src\Count4U.Service.Shared\Count4U.Service.Shared.csproj", "{B8683A60-ABD2-42AF-BD05-F5D09230DB60}"
EndProject
Project("{2150E333-8FDC-42A3-9474-1A3956D46DE8}") = "Server", "Server", "{3C676CB9-C660-4912-95B6-5221AD934310}"
EndProject
Project("{9A19103F-16F7-4668-BE54-9A1E7A4F7556}") = "Count4U.Admin.Server", "src\Count4U.Admin.Server\Count4U.Admin.Server.csproj", "{79C17AA5-CF6D-4B67-851F-312F26DDA310}"
EndProject
Project("{2150E333-8FDC-42A3-9474-1A3956D46DE8}") = "Client.Shared", "Client.Shared", "{97FFDB9D-A42C-49EA-8C64-5A52CCB03768}"
EndProject
Project("{9A19103F-16F7-4668-BE54-9A1E7A4F7556}") = "Service.Model.EF.SelectParam", "src\Service.Model.EF.SelectParam\Service.Model.EF.SelectParam.csproj", "{92839F78-1EF0-42C2-9A05-1A3DC90B1DEB}"
EndProject
Project("{9A19103F-16F7-4668-BE54-9A1E7A4F7556}") = "Count4U.Model.ServiceContract", "src\Count4U.Model.ServiceContract\Count4U.Model.ServiceContract.csproj", "{CE1C786E-9415-4680-9D85-59CB364CFBEA}"
EndProject
Project("{9A19103F-16F7-4668-BE54-9A1E7A4F7556}") = "Count4U.Model.Common", "src\Count4U.Model.Common\Count4U.Model.Common.csproj", "{E9ECE919-D29B-4C04-91EE-C507D4EB959A}"
EndProject
Project("{9A19103F-16F7-4668-BE54-9A1E7A4F7556}") = "Monitor.Service.Shared", "src\Monitor.Service.Shared\Monitor.Service.Shared.csproj", "{D05B8D9A-A069-4E34-BA40-DD795E07D7A9}"
EndProject
Project("{9A19103F-16F7-4668-BE54-9A1E7A4F7556}") = "BlazingComponents", "src\BlazingComponents\BlazingComponents.csproj", "{2B8F0298-8EEF-49F6-9140-9DE59E636D9E}"
EndProject
Project("{9A19103F-16F7-4668-BE54-9A1E7A4F7556}") = "Count4U.Client.Shared", "src\Count4U.Client.Shared\Count4U.Client.Shared.csproj", "{8858D630-204F-45E5-B31F-A0530182EC4B}"
EndProject
Project("{9A19103F-16F7-4668-BE54-9A1E7A4F7556}") = "Count4U.Admin.Client.Blazor", "src\Count4U.Admin.Client.Blazor\Count4U.Admin.Client.Blazor.csproj", "{55E6C245-7E03-4A44-B2FD-13E607090E69}"
EndProject
Project("{9A19103F-16F7-4668-BE54-9A1E7A4F7556}") = "Blazored.LocalStorage", "src\Blazored.LocalStorage\Blazored.LocalStorage.csproj", "{37D8C22E-E38A-4B26-BABF-7E52D4D2E06A}"
EndProject
Project("{9A19103F-16F7-4668-BE54-9A1E7A4F7556}") = "Blazored.SessionStorage", "src\Blazored.SessionStorage\Blazored.SessionStorage.csproj", "{E479D2EF-D0F5-448A-B49F-E8B1D57AD385}"
EndProject
Project("{9A19103F-16F7-4668-BE54-9A1E7A4F7556}") = "BlazorMonaco", "src\BlazorMonaco\BlazorMonaco.csproj", "{85C25626-1DDE-4666-95BD-D6936E527311}"
EndProject
Project("{9A19103F-16F7-4668-BE54-9A1E7A4F7556}") = "BlazorMonacoXml", "src\BlazorMonacoXml\BlazorMonacoXml.csproj", "{6A0397B0-9586-48D3-B6B9-6CE803852A83}"
EndProject
Project("{9A19103F-16F7-4668-BE54-9A1E7A4F7556}") = "BlazorMonacoJosn", "src\BlazorMonacoJosn\BlazorMonacoJosn.csproj", "{D53A586C-D3E5-4423-9A2F-4219A0BD6986}"
EndProject
Project("{2150E333-8FDC-42A3-9474-1A3956D46DE8}") = "Model", "Model", "{C18208C6-89F4-4D74-B9AC-960D62A87EEB}"
EndProject
Project("{2150E333-8FDC-42A3-9474-1A3956D46DE8}") = "Component", "Component", "{95F2DB36-9909-41DA-B39E-AED833AD2E01}"
EndProject
Project("{9A19103F-16F7-4668-BE54-9A1E7A4F7556}") = "WebAPI.Profile.Model.Sqlite.CodeFirst", "src\WebAPI.Profile.Model.Sqlite.CodeFirst\WebAPI.Profile.Model.Sqlite.CodeFirst.csproj", "{8F118AFA-0576-43C4-9BC4-D77A29C82E89}"
EndProject
Project("{9A19103F-16F7-4668-BE54-9A1E7A4F7556}") = "Monitor.Profile.Sqlite.CodeFirst.ExportImport", "src\Monitor.Profile.Sqlite.CodeFirst.ExportImport\Monitor.Profile.Sqlite.CodeFirst.ExportImport.csproj", "{60E6C5C7-4322-43D0-A524-98C37702F92B}"
EndProject
Project("{9A19103F-16F7-4668-BE54-9A1E7A4F7556}") = "Count4U.Service.WebAPI.Authentication", "src\Count4U.Service.WebAPI.Authentication\Count4U.Service.WebAPI.Authentication.csproj", "{1F0C4CCF-5C86-461D-BC1D-17943A3F7013}"
EndProject
Project("{2150E333-8FDC-42A3-9474-1A3956D46DE8}") = "Solution Items", "Solution Items", "{7057ADC1-F773-402B-804F-C5DBC93C375D}"
	ProjectSection(SolutionItems) = preProject
		reade.txt = reade.txt
	EndProjectSection
EndProject
Project("{9A19103F-16F7-4668-BE54-9A1E7A4F7556}") = "BlazorInputFile", "src\BlazorInputFile\BlazorInputFile.csproj", "{F6E693D4-A29C-4578-99B7-BF08DA27066D}"
EndProject
Global
	GlobalSection(SolutionConfigurationPlatforms) = preSolution
		Debug|Any CPU = Debug|Any CPU
		Release|Any CPU = Release|Any CPU
	EndGlobalSection
	GlobalSection(ProjectConfigurationPlatforms) = postSolution
		{E52857FA-EA3C-4BFA-A53F-537E08091C4A}.Debug|Any CPU.ActiveCfg = Debug|Any CPU
		{E52857FA-EA3C-4BFA-A53F-537E08091C4A}.Debug|Any CPU.Build.0 = Debug|Any CPU
		{E52857FA-EA3C-4BFA-A53F-537E08091C4A}.Release|Any CPU.ActiveCfg = Release|Any CPU
		{E52857FA-EA3C-4BFA-A53F-537E08091C4A}.Release|Any CPU.Build.0 = Release|Any CPU
		{F07B9C7B-D557-49F2-BA18-3135E8A4A3DA}.Debug|Any CPU.ActiveCfg = Debug|Any CPU
		{F07B9C7B-D557-49F2-BA18-3135E8A4A3DA}.Debug|Any CPU.Build.0 = Debug|Any CPU
		{F07B9C7B-D557-49F2-BA18-3135E8A4A3DA}.Release|Any CPU.ActiveCfg = Release|Any CPU
		{F07B9C7B-D557-49F2-BA18-3135E8A4A3DA}.Release|Any CPU.Build.0 = Release|Any CPU
		{B8683A60-ABD2-42AF-BD05-F5D09230DB60}.Debug|Any CPU.ActiveCfg = Debug|Any CPU
		{B8683A60-ABD2-42AF-BD05-F5D09230DB60}.Debug|Any CPU.Build.0 = Debug|Any CPU
		{B8683A60-ABD2-42AF-BD05-F5D09230DB60}.Release|Any CPU.ActiveCfg = Release|Any CPU
		{B8683A60-ABD2-42AF-BD05-F5D09230DB60}.Release|Any CPU.Build.0 = Release|Any CPU
		{79C17AA5-CF6D-4B67-851F-312F26DDA310}.Debug|Any CPU.ActiveCfg = Debug|Any CPU
		{79C17AA5-CF6D-4B67-851F-312F26DDA310}.Debug|Any CPU.Build.0 = Debug|Any CPU
		{79C17AA5-CF6D-4B67-851F-312F26DDA310}.Release|Any CPU.ActiveCfg = Release|Any CPU
		{79C17AA5-CF6D-4B67-851F-312F26DDA310}.Release|Any CPU.Build.0 = Release|Any CPU
		{92839F78-1EF0-42C2-9A05-1A3DC90B1DEB}.Debug|Any CPU.ActiveCfg = Debug|Any CPU
		{92839F78-1EF0-42C2-9A05-1A3DC90B1DEB}.Debug|Any CPU.Build.0 = Debug|Any CPU
		{92839F78-1EF0-42C2-9A05-1A3DC90B1DEB}.Release|Any CPU.ActiveCfg = Release|Any CPU
		{92839F78-1EF0-42C2-9A05-1A3DC90B1DEB}.Release|Any CPU.Build.0 = Release|Any CPU
		{CE1C786E-9415-4680-9D85-59CB364CFBEA}.Debug|Any CPU.ActiveCfg = Debug|Any CPU
		{CE1C786E-9415-4680-9D85-59CB364CFBEA}.Debug|Any CPU.Build.0 = Debug|Any CPU
		{CE1C786E-9415-4680-9D85-59CB364CFBEA}.Release|Any CPU.ActiveCfg = Release|Any CPU
		{CE1C786E-9415-4680-9D85-59CB364CFBEA}.Release|Any CPU.Build.0 = Release|Any CPU
		{E9ECE919-D29B-4C04-91EE-C507D4EB959A}.Debug|Any CPU.ActiveCfg = Debug|Any CPU
		{E9ECE919-D29B-4C04-91EE-C507D4EB959A}.Debug|Any CPU.Build.0 = Debug|Any CPU
		{E9ECE919-D29B-4C04-91EE-C507D4EB959A}.Release|Any CPU.ActiveCfg = Release|Any CPU
		{E9ECE919-D29B-4C04-91EE-C507D4EB959A}.Release|Any CPU.Build.0 = Release|Any CPU
		{D05B8D9A-A069-4E34-BA40-DD795E07D7A9}.Debug|Any CPU.ActiveCfg = Debug|Any CPU
		{D05B8D9A-A069-4E34-BA40-DD795E07D7A9}.Debug|Any CPU.Build.0 = Debug|Any CPU
		{D05B8D9A-A069-4E34-BA40-DD795E07D7A9}.Release|Any CPU.ActiveCfg = Release|Any CPU
		{D05B8D9A-A069-4E34-BA40-DD795E07D7A9}.Release|Any CPU.Build.0 = Release|Any CPU
		{2B8F0298-8EEF-49F6-9140-9DE59E636D9E}.Debug|Any CPU.ActiveCfg = Debug|Any CPU
		{2B8F0298-8EEF-49F6-9140-9DE59E636D9E}.Debug|Any CPU.Build.0 = Debug|Any CPU
		{2B8F0298-8EEF-49F6-9140-9DE59E636D9E}.Release|Any CPU.ActiveCfg = Release|Any CPU
		{2B8F0298-8EEF-49F6-9140-9DE59E636D9E}.Release|Any CPU.Build.0 = Release|Any CPU
		{8858D630-204F-45E5-B31F-A0530182EC4B}.Debug|Any CPU.ActiveCfg = Debug|Any CPU
		{8858D630-204F-45E5-B31F-A0530182EC4B}.Debug|Any CPU.Build.0 = Debug|Any CPU
		{8858D630-204F-45E5-B31F-A0530182EC4B}.Release|Any CPU.ActiveCfg = Release|Any CPU
		{8858D630-204F-45E5-B31F-A0530182EC4B}.Release|Any CPU.Build.0 = Release|Any CPU
		{55E6C245-7E03-4A44-B2FD-13E607090E69}.Debug|Any CPU.ActiveCfg = Debug|Any CPU
		{55E6C245-7E03-4A44-B2FD-13E607090E69}.Debug|Any CPU.Build.0 = Debug|Any CPU
		{55E6C245-7E03-4A44-B2FD-13E607090E69}.Release|Any CPU.ActiveCfg = Release|Any CPU
		{55E6C245-7E03-4A44-B2FD-13E607090E69}.Release|Any CPU.Build.0 = Release|Any CPU
		{37D8C22E-E38A-4B26-BABF-7E52D4D2E06A}.Debug|Any CPU.ActiveCfg = Debug|Any CPU
		{37D8C22E-E38A-4B26-BABF-7E52D4D2E06A}.Debug|Any CPU.Build.0 = Debug|Any CPU
		{37D8C22E-E38A-4B26-BABF-7E52D4D2E06A}.Release|Any CPU.ActiveCfg = Release|Any CPU
		{37D8C22E-E38A-4B26-BABF-7E52D4D2E06A}.Release|Any CPU.Build.0 = Release|Any CPU
		{E479D2EF-D0F5-448A-B49F-E8B1D57AD385}.Debug|Any CPU.ActiveCfg = Debug|Any CPU
		{E479D2EF-D0F5-448A-B49F-E8B1D57AD385}.Debug|Any CPU.Build.0 = Debug|Any CPU
		{E479D2EF-D0F5-448A-B49F-E8B1D57AD385}.Release|Any CPU.ActiveCfg = Release|Any CPU
		{E479D2EF-D0F5-448A-B49F-E8B1D57AD385}.Release|Any CPU.Build.0 = Release|Any CPU
		{85C25626-1DDE-4666-95BD-D6936E527311}.Debug|Any CPU.ActiveCfg = Debug|Any CPU
		{85C25626-1DDE-4666-95BD-D6936E527311}.Debug|Any CPU.Build.0 = Debug|Any CPU
		{85C25626-1DDE-4666-95BD-D6936E527311}.Release|Any CPU.ActiveCfg = Release|Any CPU
		{85C25626-1DDE-4666-95BD-D6936E527311}.Release|Any CPU.Build.0 = Release|Any CPU
		{6A0397B0-9586-48D3-B6B9-6CE803852A83}.Debug|Any CPU.ActiveCfg = Debug|Any CPU
		{6A0397B0-9586-48D3-B6B9-6CE803852A83}.Debug|Any CPU.Build.0 = Debug|Any CPU
		{6A0397B0-9586-48D3-B6B9-6CE803852A83}.Release|Any CPU.ActiveCfg = Release|Any CPU
		{6A0397B0-9586-48D3-B6B9-6CE803852A83}.Release|Any CPU.Build.0 = Release|Any CPU
		{D53A586C-D3E5-4423-9A2F-4219A0BD6986}.Debug|Any CPU.ActiveCfg = Debug|Any CPU
		{D53A586C-D3E5-4423-9A2F-4219A0BD6986}.Debug|Any CPU.Build.0 = Debug|Any CPU
		{D53A586C-D3E5-4423-9A2F-4219A0BD6986}.Release|Any CPU.ActiveCfg = Release|Any CPU
		{D53A586C-D3E5-4423-9A2F-4219A0BD6986}.Release|Any CPU.Build.0 = Release|Any CPU
		{8F118AFA-0576-43C4-9BC4-D77A29C82E89}.Debug|Any CPU.ActiveCfg = Debug|Any CPU
		{8F118AFA-0576-43C4-9BC4-D77A29C82E89}.Debug|Any CPU.Build.0 = Debug|Any CPU
		{8F118AFA-0576-43C4-9BC4-D77A29C82E89}.Release|Any CPU.ActiveCfg = Release|Any CPU
		{8F118AFA-0576-43C4-9BC4-D77A29C82E89}.Release|Any CPU.Build.0 = Release|Any CPU
		{60E6C5C7-4322-43D0-A524-98C37702F92B}.Debug|Any CPU.ActiveCfg = Debug|Any CPU
		{60E6C5C7-4322-43D0-A524-98C37702F92B}.Debug|Any CPU.Build.0 = Debug|Any CPU
		{60E6C5C7-4322-43D0-A524-98C37702F92B}.Release|Any CPU.ActiveCfg = Release|Any CPU
		{60E6C5C7-4322-43D0-A524-98C37702F92B}.Release|Any CPU.Build.0 = Release|Any CPU
		{1F0C4CCF-5C86-461D-BC1D-17943A3F7013}.Debug|Any CPU.ActiveCfg = Debug|Any CPU
		{1F0C4CCF-5C86-461D-BC1D-17943A3F7013}.Debug|Any CPU.Build.0 = Debug|Any CPU
		{1F0C4CCF-5C86-461D-BC1D-17943A3F7013}.Release|Any CPU.ActiveCfg = Release|Any CPU
		{1F0C4CCF-5C86-461D-BC1D-17943A3F7013}.Release|Any CPU.Build.0 = Release|Any CPU
		{F6E693D4-A29C-4578-99B7-BF08DA27066D}.Debug|Any CPU.ActiveCfg = Debug|Any CPU
		{F6E693D4-A29C-4578-99B7-BF08DA27066D}.Debug|Any CPU.Build.0 = Debug|Any CPU
		{F6E693D4-A29C-4578-99B7-BF08DA27066D}.Release|Any CPU.ActiveCfg = Release|Any CPU
		{F6E693D4-A29C-4578-99B7-BF08DA27066D}.Release|Any CPU.Build.0 = Release|Any CPU
	EndGlobalSection
	GlobalSection(SolutionProperties) = preSolution
		HideSolutionNode = FALSE
	EndGlobalSection
	GlobalSection(NestedProjects) = preSolution
		{E52857FA-EA3C-4BFA-A53F-537E08091C4A} = {C18208C6-89F4-4D74-B9AC-960D62A87EEB}
		{F07B9C7B-D557-49F2-BA18-3135E8A4A3DA} = {C18208C6-89F4-4D74-B9AC-960D62A87EEB}
		{B8683A60-ABD2-42AF-BD05-F5D09230DB60} = {C9FE49BA-2172-4A66-A68D-73163D8890AC}
		{79C17AA5-CF6D-4B67-851F-312F26DDA310} = {3C676CB9-C660-4912-95B6-5221AD934310}
		{92839F78-1EF0-42C2-9A05-1A3DC90B1DEB} = {C9FE49BA-2172-4A66-A68D-73163D8890AC}
		{CE1C786E-9415-4680-9D85-59CB364CFBEA} = {C18208C6-89F4-4D74-B9AC-960D62A87EEB}
		{E9ECE919-D29B-4C04-91EE-C507D4EB959A} = {C18208C6-89F4-4D74-B9AC-960D62A87EEB}
		{D05B8D9A-A069-4E34-BA40-DD795E07D7A9} = {C9FE49BA-2172-4A66-A68D-73163D8890AC}
		{2B8F0298-8EEF-49F6-9140-9DE59E636D9E} = {95F2DB36-9909-41DA-B39E-AED833AD2E01}
		{8858D630-204F-45E5-B31F-A0530182EC4B} = {97FFDB9D-A42C-49EA-8C64-5A52CCB03768}
		{55E6C245-7E03-4A44-B2FD-13E607090E69} = {229CEBEC-F84D-4CF0-B0B4-4A751C158E0D}
		{37D8C22E-E38A-4B26-BABF-7E52D4D2E06A} = {95F2DB36-9909-41DA-B39E-AED833AD2E01}
		{E479D2EF-D0F5-448A-B49F-E8B1D57AD385} = {95F2DB36-9909-41DA-B39E-AED833AD2E01}
		{85C25626-1DDE-4666-95BD-D6936E527311} = {95F2DB36-9909-41DA-B39E-AED833AD2E01}
		{6A0397B0-9586-48D3-B6B9-6CE803852A83} = {95F2DB36-9909-41DA-B39E-AED833AD2E01}
		{D53A586C-D3E5-4423-9A2F-4219A0BD6986} = {95F2DB36-9909-41DA-B39E-AED833AD2E01}
		{8F118AFA-0576-43C4-9BC4-D77A29C82E89} = {26E7B67A-B467-4437-8EAF-C2BF229EAFB7}
		{60E6C5C7-4322-43D0-A524-98C37702F92B} = {26E7B67A-B467-4437-8EAF-C2BF229EAFB7}
		{F6E693D4-A29C-4578-99B7-BF08DA27066D} = {97FFDB9D-A42C-49EA-8C64-5A52CCB03768}
	EndGlobalSection
	GlobalSection(ExtensibilityGlobals) = postSolution
		SolutionGuid = {F674C702-F70D-472F-AD11-44674E93E9FE}
	EndGlobalSection
EndGlobal
